
Microsoft Visual Studio Solution File, Format Version 12.00
# Visual Studio 15
VisualStudioVersion = 15.0.26730.8
MinimumVisualStudioVersion = 10.0.40219.1
Project("{FAE04EC0-301F-11D3-BF4B-00C04F79EFBC}") = "RegProj", "RegProj\RegProj.csproj", "{4ED6F16B-BF80-42FB-9F1E-353E2C798EA1}"
EndProject
Project("{FAE04EC0-301F-11D3-BF4B-00C04F79EFBC}") = "UnitTests", "UnitTestProject1\UnitTests.csproj", "{3D88E96A-70B8-4A34-BBA1-D44E4089A7B1}"
EndProject
Global
	GlobalSection(SolutionConfigurationPlatforms) = preSolution
		Debug|Any CPU = Debug|Any CPU
		Release|Any CPU = Release|Any CPU
	EndGlobalSection
	GlobalSection(ProjectConfigurationPlatforms) = postSolution
		{4ED6F16B-BF80-42FB-9F1E-353E2C798EA1}.Debug|Any CPU.ActiveCfg = Debug|Any CPU
		{4ED6F16B-BF80-42FB-9F1E-353E2C798EA1}.Debug|Any CPU.Build.0 = Debug|Any CPU
		{4ED6F16B-BF80-42FB-9F1E-353E2C798EA1}.Release|Any CPU.ActiveCfg = Release|Any CPU
		{4ED6F16B-BF80-42FB-9F1E-353E2C798EA1}.Release|Any CPU.Build.0 = Release|Any CPU
		{3D88E96A-70B8-4A34-BBA1-D44E4089A7B1}.Debug|Any CPU.ActiveCfg = Debug|Any CPU
		{3D88E96A-70B8-4A34-BBA1-D44E4089A7B1}.Debug|Any CPU.Build.0 = Debug|Any CPU
		{3D88E96A-70B8-4A34-BBA1-D44E4089A7B1}.Release|Any CPU.ActiveCfg = Release|Any CPU
		{3D88E96A-70B8-4A34-BBA1-D44E4089A7B1}.Release|Any CPU.Build.0 = Release|Any CPU
	EndGlobalSection
	GlobalSection(SolutionProperties) = preSolution
		HideSolutionNode = FALSE
	EndGlobalSection
	GlobalSection(ExtensibilityGlobals) = postSolution
		SolutionGuid = {7005EC88-A920-46CD-AAE9-142841FC2F2D}
	EndGlobalSection
EndGlobal
